// !$*UTF8*$!
{
	archiveVersion = 1;
	classes = {
	};
	objectVersion = 46;
	objects = {

/* Begin PBXBuildFile section */
		A2DC705D1D308B7400D7530C /* AppDelegate.swift in Sources */ = {isa = PBXBuildFile; fileRef = A2DC705C1D308B7400D7530C /* AppDelegate.swift */; };
		A2DC705F1D308B7400D7530C /* GameScene.sks in Resources */ = {isa = PBXBuildFile; fileRef = A2DC705E1D308B7400D7530C /* GameScene.sks */; };
		A2DC70611D308B7400D7530C /* GameScene.swift in Sources */ = {isa = PBXBuildFile; fileRef = A2DC70601D308B7400D7530C /* GameScene.swift */; };
		A2DC70631D308B7400D7530C /* GameViewController.swift in Sources */ = {isa = PBXBuildFile; fileRef = A2DC70621D308B7400D7530C /* GameViewController.swift */; };
		A2DC70661D308B7400D7530C /* Main.storyboard in Resources */ = {isa = PBXBuildFile; fileRef = A2DC70641D308B7400D7530C /* Main.storyboard */; };
		A2DC70681D308B7400D7530C /* Assets.xcassets in Resources */ = {isa = PBXBuildFile; fileRef = A2DC70671D308B7400D7530C /* Assets.xcassets */; };
		A2DC706B1D308B7400D7530C /* LaunchScreen.storyboard in Resources */ = {isa = PBXBuildFile; fileRef = A2DC70691D308B7400D7530C /* LaunchScreen.storyboard */; };
		A2DC70761D308B7400D7530C /* CircumStellarTests.swift in Sources */ = {isa = PBXBuildFile; fileRef = A2DC70751D308B7400D7530C /* CircumStellarTests.swift */; };
		A2DC70811D308B7500D7530C /* CircumStellarUITests.swift in Sources */ = {isa = PBXBuildFile; fileRef = A2DC70801D308B7500D7530C /* CircumStellarUITests.swift */; };
		A2DC70911D308DB400D7530C /* fighterspr1.png in Resources */ = {isa = PBXBuildFile; fileRef = A2DC70901D308DB400D7530C /* fighterspr1.png */; };
		A2DC709C1D319DE100D7530C /* cartoonship blue.png in Resources */ = {isa = PBXBuildFile; fileRef = A2DC70921D319DE100D7530C /* cartoonship blue.png */; };
		A2DC709D1D319DE100D7530C /* F5S4.png in Resources */ = {isa = PBXBuildFile; fileRef = A2DC70931D319DE100D7530C /* F5S4.png */; };
		A2DC709E1D319DE100D7530C /* fighter-01.png in Resources */ = {isa = PBXBuildFile; fileRef = A2DC70941D319DE100D7530C /* fighter-01.png */; };
		A2DC70A01D319DE100D7530C /* ship3.png in Resources */ = {isa = PBXBuildFile; fileRef = A2DC70961D319DE100D7530C /* ship3.png */; };
		A2DC70A11D319DE100D7530C /* ship9.png in Resources */ = {isa = PBXBuildFile; fileRef = A2DC70971D319DE100D7530C /* ship9.png */; };
		A2DC70A21D319DE100D7530C /* space_rocket_v4-512.png in Resources */ = {isa = PBXBuildFile; fileRef = A2DC70981D319DE100D7530C /* space_rocket_v4-512.png */; };
		A2DC70A31D319DE100D7530C /* spaceship.pod_.1.png in Resources */ = {isa = PBXBuildFile; fileRef = A2DC70991D319DE100D7530C /* spaceship.pod_.1.png */; };
		A2DC70A41D319DE100D7530C /* spaceShipIcon.png in Resources */ = {isa = PBXBuildFile; fileRef = A2DC709A1D319DE100D7530C /* spaceShipIcon.png */; };
		A2DC70A51D319DE100D7530C /* st6.png in Resources */ = {isa = PBXBuildFile; fileRef = A2DC709B1D319DE100D7530C /* st6.png */; };
		A2DC70A71D319F9700D7530C /* grad2.png in Resources */ = {isa = PBXBuildFile; fileRef = A2DC70A61D319F9700D7530C /* grad2.png */; };
		A2DC70A91D31AD0200D7530C /* grad3.png in Resources */ = {isa = PBXBuildFile; fileRef = A2DC70A81D31AD0200D7530C /* grad3.png */; };
		A2DC70AD1D31DE5C00D7530C /* GameOverViewController.swift in Sources */ = {isa = PBXBuildFile; fileRef = A2DC70AC1D31DE5C00D7530C /* GameOverViewController.swift */; };
/* End PBXBuildFile section */

/* Begin PBXContainerItemProxy section */
		A2DC70721D308B7400D7530C /* PBXContainerItemProxy */ = {
			isa = PBXContainerItemProxy;
			containerPortal = A2DC70511D308B7400D7530C /* Project object */;
			proxyType = 1;
			remoteGlobalIDString = A2DC70581D308B7400D7530C;
			remoteInfo = CircumStellar;
		};
		A2DC707D1D308B7500D7530C /* PBXContainerItemProxy */ = {
			isa = PBXContainerItemProxy;
			containerPortal = A2DC70511D308B7400D7530C /* Project object */;
			proxyType = 1;
			remoteGlobalIDString = A2DC70581D308B7400D7530C;
			remoteInfo = CircumStellar;
		};
/* End PBXContainerItemProxy section */

/* Begin PBXFileReference section */
		A2DC70591D308B7400D7530C /* CircumStellar.app */ = {isa = PBXFileReference; explicitFileType = wrapper.application; includeInIndex = 0; path = CircumStellar.app; sourceTree = BUILT_PRODUCTS_DIR; };
		A2DC705C1D308B7400D7530C /* AppDelegate.swift */ = {isa = PBXFileReference; lastKnownFileType = sourcecode.swift; path = AppDelegate.swift; sourceTree = "<group>"; };
		A2DC705E1D308B7400D7530C /* GameScene.sks */ = {isa = PBXFileReference; lastKnownFileType = file.sks; path = GameScene.sks; sourceTree = "<group>"; };
		A2DC70601D308B7400D7530C /* GameScene.swift */ = {isa = PBXFileReference; lastKnownFileType = sourcecode.swift; path = GameScene.swift; sourceTree = "<group>"; };
		A2DC70621D308B7400D7530C /* GameViewController.swift */ = {isa = PBXFileReference; lastKnownFileType = sourcecode.swift; path = GameViewController.swift; sourceTree = "<group>"; };
		A2DC70651D308B7400D7530C /* Base */ = {isa = PBXFileReference; lastKnownFileType = file.storyboard; name = Base; path = Base.lproj/Main.storyboard; sourceTree = "<group>"; };
		A2DC70671D308B7400D7530C /* Assets.xcassets */ = {isa = PBXFileReference; lastKnownFileType = folder.assetcatalog; path = Assets.xcassets; sourceTree = "<group>"; };
		A2DC706A1D308B7400D7530C /* Base */ = {isa = PBXFileReference; lastKnownFileType = file.storyboard; name = Base; path = Base.lproj/LaunchScreen.storyboard; sourceTree = "<group>"; };
		A2DC706C1D308B7400D7530C /* Info.plist */ = {isa = PBXFileReference; lastKnownFileType = text.plist.xml; path = Info.plist; sourceTree = "<group>"; };
		A2DC70711D308B7400D7530C /* CircumStellarTests.xctest */ = {isa = PBXFileReference; explicitFileType = wrapper.cfbundle; includeInIndex = 0; path = CircumStellarTests.xctest; sourceTree = BUILT_PRODUCTS_DIR; };
		A2DC70751D308B7400D7530C /* CircumStellarTests.swift */ = {isa = PBXFileReference; lastKnownFileType = sourcecode.swift; path = CircumStellarTests.swift; sourceTree = "<group>"; };
		A2DC70771D308B7400D7530C /* Info.plist */ = {isa = PBXFileReference; lastKnownFileType = text.plist.xml; path = Info.plist; sourceTree = "<group>"; };
		A2DC707C1D308B7500D7530C /* CircumStellarUITests.xctest */ = {isa = PBXFileReference; explicitFileType = wrapper.cfbundle; includeInIndex = 0; path = CircumStellarUITests.xctest; sourceTree = BUILT_PRODUCTS_DIR; };
		A2DC70801D308B7500D7530C /* CircumStellarUITests.swift */ = {isa = PBXFileReference; lastKnownFileType = sourcecode.swift; path = CircumStellarUITests.swift; sourceTree = "<group>"; };
		A2DC70821D308B7500D7530C /* Info.plist */ = {isa = PBXFileReference; lastKnownFileType = text.plist.xml; path = Info.plist; sourceTree = "<group>"; };
		A2DC70901D308DB400D7530C /* fighterspr1.png */ = {isa = PBXFileReference; lastKnownFileType = image.png; path = fighterspr1.png; sourceTree = "<group>"; };
		A2DC70921D319DE100D7530C /* cartoonship blue.png */ = {isa = PBXFileReference; lastKnownFileType = image.png; path = "cartoonship blue.png"; sourceTree = "<group>"; };
		A2DC70931D319DE100D7530C /* F5S4.png */ = {isa = PBXFileReference; lastKnownFileType = image.png; path = F5S4.png; sourceTree = "<group>"; };
		A2DC70941D319DE100D7530C /* fighter-01.png */ = {isa = PBXFileReference; lastKnownFileType = image.png; path = "fighter-01.png"; sourceTree = "<group>"; };
		A2DC70961D319DE100D7530C /* ship3.png */ = {isa = PBXFileReference; lastKnownFileType = image.png; path = ship3.png; sourceTree = "<group>"; };
		A2DC70971D319DE100D7530C /* ship9.png */ = {isa = PBXFileReference; lastKnownFileType = image.png; path = ship9.png; sourceTree = "<group>"; };
		A2DC70981D319DE100D7530C /* space_rocket_v4-512.png */ = {isa = PBXFileReference; lastKnownFileType = image.png; path = "space_rocket_v4-512.png"; sourceTree = "<group>"; };
		A2DC70991D319DE100D7530C /* spaceship.pod_.1.png */ = {isa = PBXFileReference; lastKnownFileType = image.png; path = spaceship.pod_.1.png; sourceTree = "<group>"; };
		A2DC709A1D319DE100D7530C /* spaceShipIcon.png */ = {isa = PBXFileReference; lastKnownFileType = image.png; path = spaceShipIcon.png; sourceTree = "<group>"; };
		A2DC709B1D319DE100D7530C /* st6.png */ = {isa = PBXFileReference; lastKnownFileType = image.png; path = st6.png; sourceTree = "<group>"; };
		A2DC70A61D319F9700D7530C /* grad2.png */ = {isa = PBXFileReference; lastKnownFileType = image.png; path = grad2.png; sourceTree = "<group>"; };
		A2DC70A81D31AD0200D7530C /* grad3.png */ = {isa = PBXFileReference; lastKnownFileType = image.png; path = grad3.png; sourceTree = "<group>"; };
		A2DC70AC1D31DE5C00D7530C /* GameOverViewController.swift */ = {isa = PBXFileReference; fileEncoding = 4; lastKnownFileType = sourcecode.swift; name = GameOverViewController.swift; path = ../GameOverViewController.swift; sourceTree = "<group>"; };
/* End PBXFileReference section */

/* Begin PBXFrameworksBuildPhase section */
		A2DC70561D308B7400D7530C /* Frameworks */ = {
			isa = PBXFrameworksBuildPhase;
			buildActionMask = 2147483647;
			files = (
			);
			runOnlyForDeploymentPostprocessing = 0;
		};
		A2DC706E1D308B7400D7530C /* Frameworks */ = {
			isa = PBXFrameworksBuildPhase;
			buildActionMask = 2147483647;
			files = (
			);
			runOnlyForDeploymentPostprocessing = 0;
		};
		A2DC70791D308B7500D7530C /* Frameworks */ = {
			isa = PBXFrameworksBuildPhase;
			buildActionMask = 2147483647;
			files = (
			);
			runOnlyForDeploymentPostprocessing = 0;
		};
/* End PBXFrameworksBuildPhase section */

/* Begin PBXGroup section */
		A2DC70501D308B7400D7530C = {
			isa = PBXGroup;
			children = (
				A2DC705B1D308B7400D7530C /* CircumStellar */,
				A2DC70741D308B7400D7530C /* CircumStellarTests */,
				A2DC707F1D308B7500D7530C /* CircumStellarUITests */,
				A2DC705A1D308B7400D7530C /* Products */,
			);
			sourceTree = "<group>";
		};
		A2DC705A1D308B7400D7530C /* Products */ = {
			isa = PBXGroup;
			children = (
				A2DC70591D308B7400D7530C /* CircumStellar.app */,
				A2DC70711D308B7400D7530C /* CircumStellarTests.xctest */,
				A2DC707C1D308B7500D7530C /* CircumStellarUITests.xctest */,
			);
			name = Products;
			sourceTree = "<group>";
		};
		A2DC705B1D308B7400D7530C /* CircumStellar */ = {
			isa = PBXGroup;
			children = (
				A2DC705C1D308B7400D7530C /* AppDelegate.swift */,
				A2DC705E1D308B7400D7530C /* GameScene.sks */,
				A2DC70601D308B7400D7530C /* GameScene.swift */,
				A2DC70AC1D31DE5C00D7530C /* GameOverViewController.swift */,
				A2DC70621D308B7400D7530C /* GameViewController.swift */,
				A2DC70641D308B7400D7530C /* Main.storyboard */,
				A2DC70671D308B7400D7530C /* Assets.xcassets */,
				A2DC70A61D319F9700D7530C /* grad2.png */,
				A2DC70A81D31AD0200D7530C /* grad3.png */,
				A2DC70901D308DB400D7530C /* fighterspr1.png */,
				A2DC70921D319DE100D7530C /* cartoonship blue.png */,
				A2DC70931D319DE100D7530C /* F5S4.png */,
				A2DC70941D319DE100D7530C /* fighter-01.png */,
				A2DC70961D319DE100D7530C /* ship3.png */,
				A2DC70971D319DE100D7530C /* ship9.png */,
				A2DC70981D319DE100D7530C /* space_rocket_v4-512.png */,
				A2DC70991D319DE100D7530C /* spaceship.pod_.1.png */,
				A2DC709A1D319DE100D7530C /* spaceShipIcon.png */,
				A2DC709B1D319DE100D7530C /* st6.png */,
				A2DC70691D308B7400D7530C /* LaunchScreen.storyboard */,
				A2DC706C1D308B7400D7530C /* Info.plist */,
			);
			path = CircumStellar;
			sourceTree = "<group>";
		};
		A2DC70741D308B7400D7530C /* CircumStellarTests */ = {
			isa = PBXGroup;
			children = (
				A2DC70751D308B7400D7530C /* CircumStellarTests.swift */,
				A2DC70771D308B7400D7530C /* Info.plist */,
			);
			path = CircumStellarTests;
			sourceTree = "<group>";
		};
		A2DC707F1D308B7500D7530C /* CircumStellarUITests */ = {
			isa = PBXGroup;
			children = (
				A2DC70801D308B7500D7530C /* CircumStellarUITests.swift */,
				A2DC70821D308B7500D7530C /* Info.plist */,
			);
			path = CircumStellarUITests;
			sourceTree = "<group>";
		};
/* End PBXGroup section */

/* Begin PBXNativeTarget section */
		A2DC70581D308B7400D7530C /* CircumStellar */ = {
			isa = PBXNativeTarget;
			buildConfigurationList = A2DC70851D308B7500D7530C /* Build configuration list for PBXNativeTarget "CircumStellar" */;
			buildPhases = (
				A2DC70551D308B7400D7530C /* Sources */,
				A2DC70561D308B7400D7530C /* Frameworks */,
				A2DC70571D308B7400D7530C /* Resources */,
			);
			buildRules = (
			);
			dependencies = (
			);
			name = CircumStellar;
			productName = CircumStellar;
			productReference = A2DC70591D308B7400D7530C /* CircumStellar.app */;
			productType = "com.apple.product-type.application";
		};
		A2DC70701D308B7400D7530C /* CircumStellarTests */ = {
			isa = PBXNativeTarget;
			buildConfigurationList = A2DC70881D308B7500D7530C /* Build configuration list for PBXNativeTarget "CircumStellarTests" */;
			buildPhases = (
				A2DC706D1D308B7400D7530C /* Sources */,
				A2DC706E1D308B7400D7530C /* Frameworks */,
				A2DC706F1D308B7400D7530C /* Resources */,
			);
			buildRules = (
			);
			dependencies = (
				A2DC70731D308B7400D7530C /* PBXTargetDependency */,
			);
			name = CircumStellarTests;
			productName = CircumStellarTests;
			productReference = A2DC70711D308B7400D7530C /* CircumStellarTests.xctest */;
			productType = "com.apple.product-type.bundle.unit-test";
		};
		A2DC707B1D308B7500D7530C /* CircumStellarUITests */ = {
			isa = PBXNativeTarget;
			buildConfigurationList = A2DC708B1D308B7500D7530C /* Build configuration list for PBXNativeTarget "CircumStellarUITests" */;
			buildPhases = (
				A2DC70781D308B7500D7530C /* Sources */,
				A2DC70791D308B7500D7530C /* Frameworks */,
				A2DC707A1D308B7500D7530C /* Resources */,
			);
			buildRules = (
			);
			dependencies = (
				A2DC707E1D308B7500D7530C /* PBXTargetDependency */,
			);
			name = CircumStellarUITests;
			productName = CircumStellarUITests;
			productReference = A2DC707C1D308B7500D7530C /* CircumStellarUITests.xctest */;
			productType = "com.apple.product-type.bundle.ui-testing";
		};
/* End PBXNativeTarget section */

/* Begin PBXProject section */
		A2DC70511D308B7400D7530C /* Project object */ = {
			isa = PBXProject;
			attributes = {
				LastSwiftUpdateCheck = 0730;
				LastUpgradeCheck = 0730;
				ORGANIZATIONNAME = "Axel Ferreira";
				TargetAttributes = {
					A2DC70581D308B7400D7530C = {
						CreatedOnToolsVersion = 7.3.1;
						DevelopmentTeam = UTZWZXL73S;
					};
					A2DC70701D308B7400D7530C = {
						CreatedOnToolsVersion = 7.3.1;
						DevelopmentTeam = UTZWZXL73S;
						TestTargetID = A2DC70581D308B7400D7530C;
					};
					A2DC707B1D308B7500D7530C = {
						CreatedOnToolsVersion = 7.3.1;
						DevelopmentTeam = UTZWZXL73S;
						TestTargetID = A2DC70581D308B7400D7530C;
					};
				};
			};
			buildConfigurationList = A2DC70541D308B7400D7530C /* Build configuration list for PBXProject "CircumStellar" */;
			compatibilityVersion = "Xcode 3.2";
			developmentRegion = English;
			hasScannedForEncodings = 0;
			knownRegions = (
				en,
				Base,
			);
			mainGroup = A2DC70501D308B7400D7530C;
			productRefGroup = A2DC705A1D308B7400D7530C /* Products */;
			projectDirPath = "";
			projectRoot = "";
			targets = (
				A2DC70581D308B7400D7530C /* CircumStellar */,
				A2DC70701D308B7400D7530C /* CircumStellarTests */,
				A2DC707B1D308B7500D7530C /* CircumStellarUITests */,
			);
		};
/* End PBXProject section */

/* Begin PBXResourcesBuildPhase section */
		A2DC70571D308B7400D7530C /* Resources */ = {
			isa = PBXResourcesBuildPhase;
			buildActionMask = 2147483647;
			files = (
				A2DC70A51D319DE100D7530C /* st6.png in Resources */,
				A2DC70A11D319DE100D7530C /* ship9.png in Resources */,
				A2DC709E1D319DE100D7530C /* fighter-01.png in Resources */,
				A2DC705F1D308B7400D7530C /* GameScene.sks in Resources */,
				A2DC709D1D319DE100D7530C /* F5S4.png in Resources */,
				A2DC706B1D308B7400D7530C /* LaunchScreen.storyboard in Resources */,
				A2DC70681D308B7400D7530C /* Assets.xcassets in Resources */,
				A2DC70A21D319DE100D7530C /* space_rocket_v4-512.png in Resources */,
				A2DC70911D308DB400D7530C /* fighterspr1.png in Resources */,
				A2DC70A71D319F9700D7530C /* grad2.png in Resources */,
				A2DC70A41D319DE100D7530C /* spaceShipIcon.png in Resources */,
				A2DC70A31D319DE100D7530C /* spaceship.pod_.1.png in Resources */,
				A2DC70A01D319DE100D7530C /* ship3.png in Resources */,
				A2DC70A91D31AD0200D7530C /* grad3.png in Resources */,
				A2DC70661D308B7400D7530C /* Main.storyboard in Resources */,
				A2DC709C1D319DE100D7530C /* cartoonship blue.png in Resources */,
			);
			runOnlyForDeploymentPostprocessing = 0;
		};
		A2DC706F1D308B7400D7530C /* Resources */ = {
			isa = PBXResourcesBuildPhase;
			buildActionMask = 2147483647;
			files = (
			);
			runOnlyForDeploymentPostprocessing = 0;
		};
		A2DC707A1D308B7500D7530C /* Resources */ = {
			isa = PBXResourcesBuildPhase;
			buildActionMask = 2147483647;
			files = (
			);
			runOnlyForDeploymentPostprocessing = 0;
		};
/* End PBXResourcesBuildPhase section */

/* Begin PBXSourcesBuildPhase section */
		A2DC70551D308B7400D7530C /* Sources */ = {
			isa = PBXSourcesBuildPhase;
			buildActionMask = 2147483647;
			files = (
				A2DC70AD1D31DE5C00D7530C /* GameOverViewController.swift in Sources */,
				A2DC70611D308B7400D7530C /* GameScene.swift in Sources */,
				A2DC70631D308B7400D7530C /* GameViewController.swift in Sources */,
				A2DC705D1D308B7400D7530C /* AppDelegate.swift in Sources */,
			);
			runOnlyForDeploymentPostprocessing = 0;
		};
		A2DC706D1D308B7400D7530C /* Sources */ = {
			isa = PBXSourcesBuildPhase;
			buildActionMask = 2147483647;
			files = (
				A2DC70761D308B7400D7530C /* CircumStellarTests.swift in Sources */,
			);
			runOnlyForDeploymentPostprocessing = 0;
		};
		A2DC70781D308B7500D7530C /* Sources */ = {
			isa = PBXSourcesBuildPhase;
			buildActionMask = 2147483647;
			files = (
				A2DC70811D308B7500D7530C /* CircumStellarUITests.swift in Sources */,
			);
			runOnlyForDeploymentPostprocessing = 0;
		};
/* End PBXSourcesBuildPhase section */

/* Begin PBXTargetDependency section */
		A2DC70731D308B7400D7530C /* PBXTargetDependency */ = {
			isa = PBXTargetDependency;
			target = A2DC70581D308B7400D7530C /* CircumStellar */;
			targetProxy = A2DC70721D308B7400D7530C /* PBXContainerItemProxy */;
		};
		A2DC707E1D308B7500D7530C /* PBXTargetDependency */ = {
			isa = PBXTargetDependency;
			target = A2DC70581D308B7400D7530C /* CircumStellar */;
			targetProxy = A2DC707D1D308B7500D7530C /* PBXContainerItemProxy */;
		};
/* End PBXTargetDependency section */

/* Begin PBXVariantGroup section */
		A2DC70641D308B7400D7530C /* Main.storyboard */ = {
			isa = PBXVariantGroup;
			children = (
				A2DC70651D308B7400D7530C /* Base */,
			);
			name = Main.storyboard;
			sourceTree = "<group>";
		};
		A2DC70691D308B7400D7530C /* LaunchScreen.storyboard */ = {
			isa = PBXVariantGroup;
			children = (
				A2DC706A1D308B7400D7530C /* Base */,
			);
			name = LaunchScreen.storyboard;
			sourceTree = "<group>";
		};
/* End PBXVariantGroup section */

/* Begin XCBuildConfiguration section */
		A2DC70831D308B7500D7530C /* Debug */ = {
			isa = XCBuildConfiguration;
			buildSettings = {
				ALWAYS_SEARCH_USER_PATHS = NO;
				CLANG_ANALYZER_NONNULL = YES;
				CLANG_CXX_LANGUAGE_STANDARD = "gnu++0x";
				CLANG_CXX_LIBRARY = "libc++";
				CLANG_ENABLE_MODULES = YES;
				CLANG_ENABLE_OBJC_ARC = YES;
				CLANG_WARN_BOOL_CONVERSION = YES;
				CLANG_WARN_CONSTANT_CONVERSION = YES;
				CLANG_WARN_DIRECT_OBJC_ISA_USAGE = YES_ERROR;
				CLANG_WARN_EMPTY_BODY = YES;
				CLANG_WARN_ENUM_CONVERSION = YES;
				CLANG_WARN_INT_CONVERSION = YES;
				CLANG_WARN_OBJC_ROOT_CLASS = YES_ERROR;
				CLANG_WARN_UNREACHABLE_CODE = YES;
				CLANG_WARN__DUPLICATE_METHOD_MATCH = YES;
				"CODE_SIGN_IDENTITY[sdk=iphoneos*]" = "iPhone Developer";
				COPY_PHASE_STRIP = NO;
				DEBUG_INFORMATION_FORMAT = "dwarf-with-dsym";
				ENABLE_STRICT_OBJC_MSGSEND = YES;
				ENABLE_TESTABILITY = YES;
				GCC_C_LANGUAGE_STANDARD = gnu99;
				GCC_DYNAMIC_NO_PIC = NO;
				GCC_NO_COMMON_BLOCKS = YES;
				GCC_OPTIMIZATION_LEVEL = 0;
				GCC_PREPROCESSOR_DEFINITIONS = (
					"DEBUG=1",
					"$(inherited)",
				);
				GCC_WARN_64_TO_32_BIT_CONVERSION = YES;
				GCC_WARN_ABOUT_RETURN_TYPE = YES_ERROR;
				GCC_WARN_UNDECLARED_SELECTOR = YES;
				GCC_WARN_UNINITIALIZED_AUTOS = YES_AGGRESSIVE;
				GCC_WARN_UNUSED_FUNCTION = YES;
				GCC_WARN_UNUSED_VARIABLE = YES;
				IPHONEOS_DEPLOYMENT_TARGET = 9.3;
				MTL_ENABLE_DEBUG_INFO = YES;
				ONLY_ACTIVE_ARCH = YES;
				SDKROOT = iphoneos;
				SWIFT_OPTIMIZATION_LEVEL = "-Onone";
				TARGETED_DEVICE_FAMILY = "1,2";
			};
			name = Debug;
		};
		A2DC70841D308B7500D7530C /* Release */ = {
			isa = XCBuildConfiguration;
			buildSettings = {
				ALWAYS_SEARCH_USER_PATHS = NO;
				CLANG_ANALYZER_NONNULL = YES;
				CLANG_CXX_LANGUAGE_STANDARD = "gnu++0x";
				CLANG_CXX_LIBRARY = "libc++";
				CLANG_ENABLE_MODULES = YES;
				CLANG_ENABLE_OBJC_ARC = YES;
				CLANG_WARN_BOOL_CONVERSION = YES;
				CLANG_WARN_CONSTANT_CONVERSION = YES;
				CLANG_WARN_DIRECT_OBJC_ISA_USAGE = YES_ERROR;
				CLANG_WARN_EMPTY_BODY = YES;
				CLANG_WARN_ENUM_CONVERSION = YES;
				CLANG_WARN_INT_CONVERSION = YES;
				CLANG_WARN_OBJC_ROOT_CLASS = YES_ERROR;
				CLANG_WARN_UNREACHABLE_CODE = YES;
				CLANG_WARN__DUPLICATE_METHOD_MATCH = YES;
				"CODE_SIGN_IDENTITY[sdk=iphoneos*]" = "iPhone Developer";
				COPY_PHASE_STRIP = NO;
				DEBUG_INFORMATION_FORMAT = "dwarf-with-dsym";
				ENABLE_NS_ASSERTIONS = NO;
				ENABLE_STRICT_OBJC_MSGSEND = YES;
				GCC_C_LANGUAGE_STANDARD = gnu99;
				GCC_NO_COMMON_BLOCKS = YES;
				GCC_WARN_64_TO_32_BIT_CONVERSION = YES;
				GCC_WARN_ABOUT_RETURN_TYPE = YES_ERROR;
				GCC_WARN_UNDECLARED_SELECTOR = YES;
				GCC_WARN_UNINITIALIZED_AUTOS = YES_AGGRESSIVE;
				GCC_WARN_UNUSED_FUNCTION = YES;
				GCC_WARN_UNUSED_VARIABLE = YES;
				IPHONEOS_DEPLOYMENT_TARGET = 9.3;
				MTL_ENABLE_DEBUG_INFO = NO;
				SDKROOT = iphoneos;
				TARGETED_DEVICE_FAMILY = "1,2";
				VALIDATE_PRODUCT = YES;
			};
			name = Release;
		};
		A2DC70861D308B7500D7530C /* Debug */ = {
			isa = XCBuildConfiguration;
			buildSettings = {
				ASSETCATALOG_COMPILER_APPICON_NAME = AppIcon;
				INFOPLIST_FILE = CircumStellar/Info.plist;
				LD_RUNPATH_SEARCH_PATHS = "$(inherited) @executable_path/Frameworks";
				PRODUCT_BUNDLE_IDENTIFIER = axelferreira.CircumStellar;
				PRODUCT_NAME = "$(TARGET_NAME)";
			};
			name = Debug;
		};
		A2DC70871D308B7500D7530C /* Release */ = {
			isa = XCBuildConfiguration;
			buildSettings = {
				ASSETCATALOG_COMPILER_APPICON_NAME = AppIcon;
				INFOPLIST_FILE = CircumStellar/Info.plist;
				LD_RUNPATH_SEARCH_PATHS = "$(inherited) @executable_path/Frameworks";
				PRODUCT_BUNDLE_IDENTIFIER = axelferreira.CircumStellar;
				PRODUCT_NAME = "$(TARGET_NAME)";
			};
			name = Release;
		};
		A2DC70891D308B7500D7530C /* Debug */ = {
			isa = XCBuildConfiguration;
			buildSettings = {
				BUNDLE_LOADER = "$(TEST_HOST)";
				DEBUG_INFORMATION_FORMAT = dwarf;
				INFOPLIST_FILE = CircumStellarTests/Info.plist;
				LD_RUNPATH_SEARCH_PATHS = "$(inherited) @executable_path/Frameworks @loader_path/Frameworks";
				PRODUCT_BUNDLE_IDENTIFIER = axelferreira.CircumStellarTests;
				PRODUCT_NAME = "$(TARGET_NAME)";
				TEST_HOST = "$(BUILT_PRODUCTS_DIR)/CircumStellar.app/CircumStellar";
			};
			name = Debug;
		};
		A2DC708A1D308B7500D7530C /* Release */ = {
			isa = XCBuildConfiguration;
			buildSettings = {
				BUNDLE_LOADER = "$(TEST_HOST)";
				INFOPLIST_FILE = CircumStellarTests/Info.plist;
				LD_RUNPATH_SEARCH_PATHS = "$(inherited) @executable_path/Frameworks @loader_path/Frameworks";
				PRODUCT_BUNDLE_IDENTIFIER = axelferreira.CircumStellarTests;
				PRODUCT_NAME = "$(TARGET_NAME)";
				TEST_HOST = "$(BUILT_PRODUCTS_DIR)/CircumStellar.app/CircumStellar";
			};
			name = Release;
		};
		A2DC708C1D308B7500D7530C /* Debug */ = {
			isa = XCBuildConfiguration;
			buildSettings = {
				DEBUG_INFORMATION_FORMAT = dwarf;
				INFOPLIST_FILE = CircumStellarUITests/Info.plist;
				LD_RUNPATH_SEARCH_PATHS = "$(inherited) @executable_path/Frameworks @loader_path/Frameworks";
				PRODUCT_BUNDLE_IDENTIFIER = axelferreira.CircumStellarUITests;
				PRODUCT_NAME = "$(TARGET_NAME)";
				TEST_TARGET_NAME = CircumStellar;
			};
			name = Debug;
		};
		A2DC708D1D308B7500D7530C /* Release */ = {
			isa = XCBuildConfiguration;
			buildSettings = {
				INFOPLIST_FILE = CircumStellarUITests/Info.plist;
				LD_RUNPATH_SEARCH_PATHS = "$(inherited) @executable_path/Frameworks @loader_path/Frameworks";
				PRODUCT_BUNDLE_IDENTIFIER = axelferreira.CircumStellarUITests;
				PRODUCT_NAME = "$(TARGET_NAME)";
				TEST_TARGET_NAME = CircumStellar;
			};
			name = Release;
		};
/* End XCBuildConfiguration section */

/* Begin XCConfigurationList section */
		A2DC70541D308B7400D7530C /* Build configuration list for PBXProject "CircumStellar" */ = {
			isa = XCConfigurationList;
			buildConfigurations = (
				A2DC70831D308B7500D7530C /* Debug */,
				A2DC70841D308B7500D7530C /* Release */,
			);
			defaultConfigurationIsVisible = 0;
			defaultConfigurationName = Release;
		};
		A2DC70851D308B7500D7530C /* Build configuration list for PBXNativeTarget "CircumStellar" */ = {
			isa = XCConfigurationList;
			buildConfigurations = (
				A2DC70861D308B7500D7530C /* Debug */,
				A2DC70871D308B7500D7530C /* Release */,
			);
			defaultConfigurationIsVisible = 0;
		};
		A2DC70881D308B7500D7530C /* Build configuration list for PBXNativeTarget "CircumStellarTests" */ = {
			isa = XCConfigurationList;
			buildConfigurations = (
				A2DC70891D308B7500D7530C /* Debug */,
				A2DC708A1D308B7500D7530C /* Release */,
			);
			defaultConfigurationIsVisible = 0;
		};
		A2DC708B1D308B7500D7530C /* Build configuration list for PBXNativeTarget "CircumStellarUITests" */ = {
			isa = XCConfigurationList;
			buildConfigurations = (
				A2DC708C1D308B7500D7530C /* Debug */,
				A2DC708D1D308B7500D7530C /* Release */,
			);
			defaultConfigurationIsVisible = 0;
		};
/* End XCConfigurationList section */
	};
	rootObject = A2DC70511D308B7400D7530C /* Project object */;
}
